lockfileVersion: 5.3

specifiers:
  toad-scheduler: ^1.5.0
  zx: ^2.0.0

dependencies:
  toad-scheduler: registry.npmmirror.com/toad-scheduler/1.5.0
  zx: registry.npmmirror.com/zx/2.1.0

packages:

  registry.nlark.com/@nodelib/fs.scandir/2.1.5:
    resolution: {integrity: sha1-dhnC6yGyVIP20WdUi0z9WnSIw9U=, registry: https://registry.npm.taobao.org/, tarball: https://registry.nlark.com/@nodelib/fs.scandir/download/@nodelib/fs.scandir-2.1.5.tgz}
    name: '@nodelib/fs.scandir'
    version: 2.1.5
    engines: {node: '>= 8'}
    dependencies:
      '@nodelib/fs.stat': registry.nlark.com/@nodelib/fs.stat/2.0.5
      run-parallel: registry.nlark.com/run-parallel/1.2.0
    dev: false

  registry.nlark.com/@nodelib/fs.stat/2.0.5:
    resolution: {integrity: sha1-W9Jir5Tp0lvR5xsF3u1Eh2oiLos=, registry: https://registry.npm.taobao.org/, tarball: https://registry.nlark.com/@nodelib/fs.stat/download/@nodelib/fs.stat-2.0.5.tgz}
    name: '@nodelib/fs.stat'
    version: 2.0.5
    engines: {node: '>= 8'}
    dev: false

  registry.nlark.com/@nodelib/fs.walk/1.2.8:
    resolution: {integrity: sha1-6Vc36LtnRt3t9pxVaVNJTxlv5po=, registry: https://registry.npm.taobao.org/, tarball: https://registry.nlark.com/@nodelib/fs.walk/download/@nodelib/fs.walk-1.2.8.tgz}
    name: '@nodelib/fs.walk'
    version: 1.2.8
    engines: {node: '>= 8'}
    dependencies:
      '@nodelib/fs.scandir': registry.nlark.com/@nodelib/fs.scandir/2.1.5
      fastq: registry.nlark.com/fastq/1.13.0
    dev: false

  registry.nlark.com/@types/fs-extra/9.0.13:
    resolution: {integrity: sha1-dZT7rgT+fxkYzos9IT90/0SsH0U=, registry: https://registry.npm.taobao.org/, tarball: https://registry.nlark.com/@types/fs-extra/download/@types/fs-extra-9.0.13.tgz}
    name: '@types/fs-extra'
    version: 9.0.13
    dependencies:
      '@types/node': registry.npmmirror.com/@types/node/16.11.7
    dev: false

  registry.nlark.com/@types/minimist/1.2.2:
    resolution: {integrity: sha1-7nceK6Sz3Fs3KTXVSf2WF780W4w=, registry: https://registry.npm.taobao.org/, tarball: https://registry.nlark.com/@types/minimist/download/@types/minimist-1.2.2.tgz}
    name: '@types/minimist'
    version: 1.2.2
    dev: false

  registry.nlark.com/@types/node-fetch/2.5.12:
    resolution: {integrity: sha1-im93mx1OYLelf7b9SNhPtUW5zGY=, registry: https://registry.npm.taobao.org/, tarball: https://registry.nlark.com/@types/node-fetch/download/@types/node-fetch-2.5.12.tgz}
    name: '@types/node-fetch'
    version: 2.5.12
    dependencies:
      '@types/node': registry.npmmirror.com/@types/node/16.11.7
      form-data: registry.nlark.com/form-data/3.0.1
    dev: false

  registry.nlark.com/ansi-styles/4.3.0:
    resolution: {integrity: sha1-7dgDYornHATIWuegkG7a00tkiTc=, registry: https://registry.npm.taobao.org/, tarball: https://registry.nlark.com/ansi-styles/download/ansi-styles-4.3.0.tgz}
    name: ansi-styles
    version: 4.3.0
    engines: {node: '>=8'}
    dependencies:
      color-convert: registry.nlark.com/color-convert/2.0.1
    dev: false

  registry.nlark.com/array-union/3.0.1:
    resolution: {integrity: sha1-2lJjDTJ/i4jPv7V3KOKvXNm2uXU=, registry: https://registry.npm.taobao.org/, tarball: https://registry.nlark.com/array-union/download/array-union-3.0.1.tgz}
    name: array-union
    version: 3.0.1
    engines: {node: '>=12'}
    dev: false

  registry.nlark.com/asynckit/0.4.0:
    resolution: {integrity: sha1-x57Zf380y48robyXkLzDZkdLS3k=, registry: https://registry.npm.taobao.org/, tarball: https://registry.nlark.com/asynckit/download/asynckit-0.4.0.tgz}
    name: asynckit
    version: 0.4.0
    dev: false

  registry.nlark.com/braces/3.0.2:
    resolution: {integrity: sha1-NFThpGLujVmeI23zNs2epPiv4Qc=, registry: https://registry.npm.taobao.org/, tarball: https://registry.nlark.com/braces/download/braces-3.0.2.tgz}
    name: braces
    version: 3.0.2
    engines: {node: '>=8'}
    dependencies:
      fill-range: registry.nlark.com/fill-range/7.0.1
    dev: false

  registry.nlark.com/chalk/4.1.2:
    resolution: {integrity: sha1-qsTit3NKdAhnrrFr8CqtVWoeegE=, registry: https://registry.npm.taobao.org/, tarball: https://registry.nlark.com/chalk/download/chalk-4.1.2.tgz?cache=0&sync_timestamp=1631500162796&other_urls=https%3A%2F%2Fregistry.nlark.com%2Fchalk%2Fdownload%2Fchalk-4.1.2.tgz}
    name: chalk
    version: 4.1.2
    engines: {node: '>=10'}
    dependencies:
      ansi-styles: registry.nlark.com/ansi-styles/4.3.0
      supports-color: registry.nlark.com/supports-color/7.2.0
    dev: false

  registry.nlark.com/color-convert/2.0.1:
    resolution: {integrity: sha1-ctOmjVmMm9s68q0ehPIdiWq9TeM=, registry: https://registry.npm.taobao.org/, tarball: https://registry.nlark.com/color-convert/download/color-convert-2.0.1.tgz}
    name: color-convert
    version: 2.0.1
    engines: {node: '>=7.0.0'}
    dependencies:
      color-name: registry.nlark.com/color-name/1.1.4
    dev: false

  registry.nlark.com/color-name/1.1.4:
    resolution: {integrity: sha1-wqCah6y95pVD3m9j+jmVyCbFNqI=, registry: https://registry.npm.taobao.org/, tarball: https://registry.nlark.com/color-name/download/color-name-1.1.4.tgz}
    name: color-name
    version: 1.1.4
    dev: false

  registry.nlark.com/combined-stream/1.0.8:
    resolution: {integrity: sha1-w9RaizT9cwYxoRCoolIGgrMdWn8=, registry: https://registry.npm.taobao.org/, tarball: https://registry.nlark.com/combined-stream/download/combined-stream-1.0.8.tgz}
    name: combined-stream
    version: 1.0.8
    engines: {node: '>= 0.8'}
    dependencies:
      delayed-stream: registry.nlark.com/delayed-stream/1.0.0
    dev: false

  registry.nlark.com/delayed-stream/1.0.0:
    resolution: {integrity: sha1-3zrhmayt+31ECqrgsp4icrJOxhk=, registry: https://registry.npm.taobao.org/, tarball: https://registry.nlark.com/delayed-stream/download/delayed-stream-1.0.0.tgz}
    name: delayed-stream
    version: 1.0.0
    engines: {node: '>=0.4.0'}
    dev: false

  registry.nlark.com/dir-glob/3.0.1:
    resolution: {integrity: sha1-Vtv3PZkqSpO6FYT0U0Bj/S5BcX8=, registry: https://registry.npm.taobao.org/, tarball: https://registry.nlark.com/dir-glob/download/dir-glob-3.0.1.tgz}
    name: dir-glob
    version: 3.0.1
    engines: {node: '>=8'}
    dependencies:
      path-type: registry.nlark.com/path-type/4.0.0
    dev: false

  registry.nlark.com/fast-glob/3.2.7:
    resolution: {integrity: sha1-/Wy3otfpqnp4RhEehaGW1rL3ZqE=, registry: https://registry.npm.taobao.org/, tarball: https://registry.nlark.com/fast-glob/download/fast-glob-3.2.7.tgz}
    name: fast-glob
    version: 3.2.7
    engines: {node: '>=8'}
    dependencies:
      '@nodelib/fs.stat': registry.nlark.com/@nodelib/fs.stat/2.0.5
      '@nodelib/fs.walk': registry.nlark.com/@nodelib/fs.walk/1.2.8
      glob-parent: registry.npmmirror.com/glob-parent/5.1.2
      merge2: registry.nlark.com/merge2/1.4.1
      micromatch: registry.nlark.com/micromatch/4.0.4
    dev: false

  registry.nlark.com/fastq/1.13.0:
    resolution: {integrity: sha1-YWdg+Ip1Jr38WWt8q4wYk4w2uYw=, registry: https://registry.npm.taobao.org/, tarball: https://registry.nlark.com/fastq/download/fastq-1.13.0.tgz}
    name: fastq
    version: 1.13.0
    dependencies:
      reusify: registry.nlark.com/reusify/1.0.4
    dev: false

  registry.nlark.com/fill-range/7.0.1:
    resolution: {integrity: sha1-GRmmp8df44ssfHflGYU12prN2kA=, registry: https://registry.npm.taobao.org/, tarball: https://registry.nlark.com/fill-range/download/fill-range-7.0.1.tgz}
    name: fill-range
    version: 7.0.1
    engines: {node: '>=8'}
    dependencies:
      to-regex-range: registry.nlark.com/to-regex-range/5.0.1
    dev: false

  registry.nlark.com/form-data/3.0.1:
    resolution: {integrity: sha1-69U3kbeDVqma+aMA1CgsTV65dV8=, registry: https://registry.npm.taobao.org/, tarball: https://registry.nlark.com/form-data/download/form-data-3.0.1.tgz}
    name: form-data
    version: 3.0.1
    engines: {node: '>= 6'}
    dependencies:
      asynckit: registry.nlark.com/asynckit/0.4.0
      combined-stream: registry.nlark.com/combined-stream/1.0.8
      mime-types: registry.npmmirror.com/mime-types/2.1.34
    dev: false

  registry.nlark.com/fs-extra/10.0.0:
    resolution: {integrity: sha1-n/YbZV3eU/s0qC34S7IUzoAuF8E=, registry: https://registry.npm.taobao.org/, tarball: https://registry.nlark.com/fs-extra/download/fs-extra-10.0.0.tgz?cache=0&other_urls=https%3A%2F%2Fregistry.nlark.com%2Ffs-extra%2Fdownload%2Ffs-extra-10.0.0.tgz}
    name: fs-extra
    version: 10.0.0
    engines: {node: '>=12'}
    dependencies:
      graceful-fs: registry.npmmirror.com/graceful-fs/4.2.8
      jsonfile: registry.nlark.com/jsonfile/6.1.0
      universalify: registry.nlark.com/universalify/2.0.0
    dev: false

  registry.nlark.com/globby/12.0.2:
    resolution: {integrity: sha1-U3iLKt8jVgLtTKv+pccKETnhqxE=, registry: https://registry.npm.taobao.org/, tarball: https://registry.nlark.com/globby/download/globby-12.0.2.tgz?cache=0&other_urls=https%3A%2F%2Fregistry.nlark.com%2Fglobby%2Fdownload%2Fglobby-12.0.2.tgz}
    name: globby
    version: 12.0.2
    engines: {node: ^12.20.0 || ^14.13.1 || >=16.0.0}
    dependencies:
      array-union: registry.nlark.com/array-union/3.0.1
      dir-glob: registry.nlark.com/dir-glob/3.0.1
      fast-glob: registry.nlark.com/fast-glob/3.2.7
      ignore: registry.npmmirror.com/ignore/5.1.9
      merge2: registry.nlark.com/merge2/1.4.1
      slash: registry.nlark.com/slash/4.0.0
    dev: false

  registry.nlark.com/has-flag/4.0.0:
    resolution: {integrity: sha1-lEdx/ZyByBJlxNaUGGDaBrtZR5s=, registry: https://registry.npm.taobao.org/, tarball: https://registry.nlark.com/has-flag/download/has-flag-4.0.0.tgz}
    name: has-flag
    version: 4.0.0
    engines: {node: '>=8'}
    dev: false

  registry.nlark.com/is-extglob/2.1.1:
    resolution: {integrity: sha1-qIwCU1eR8C7TfHahueqXc8gz+MI=, registry: https://registry.npm.taobao.org/, tarball: https://registry.nlark.com/is-extglob/download/is-extglob-2.1.1.tgz}
    name: is-extglob
    version: 2.1.1
    engines: {node: '>=0.10.0'}
    dev: false

  registry.nlark.com/is-number/7.0.0:
    resolution: {integrity: sha1-dTU0W4lnNNX4DE0GxQlVUnoU8Ss=, registry: https://registry.npm.taobao.org/, tarball: https://registry.nlark.com/is-number/download/is-number-7.0.0.tgz}
    name: is-number
    version: 7.0.0
    engines: {node: '>=0.12.0'}
    dev: false

  registry.nlark.com/isexe/2.0.0:
    resolution: {integrity: sha1-6PvzdNxVb/iUehDcsFctYz8s+hA=, registry: https://registry.npm.taobao.org/, tarball: https://registry.nlark.com/isexe/download/isexe-2.0.0.tgz}
    name: isexe
    version: 2.0.0
    dev: false

  registry.nlark.com/jsonfile/6.1.0:
    resolution: {integrity: sha1-vFWyY0eTxnnsZAMJTrE2mKbsCq4=, registry: https://registry.npm.taobao.org/, tarball: https://registry.nlark.com/jsonfile/download/jsonfile-6.1.0.tgz}
    name: jsonfile
    version: 6.1.0
    dependencies:
      universalify: registry.nlark.com/universalify/2.0.0
    optionalDependencies:
      graceful-fs: registry.npmmirror.com/graceful-fs/4.2.8
    dev: false

  registry.nlark.com/merge2/1.4.1:
    resolution: {integrity: sha1-Q2iJL4hekHRVpv19xVwMnUBJkK4=, registry: https://registry.npm.taobao.org/, tarball: https://registry.nlark.com/merge2/download/merge2-1.4.1.tgz}
    name: merge2
    version: 1.4.1
    engines: {node: '>= 8'}
    dev: false

  registry.nlark.com/micromatch/4.0.4:
    resolution: {integrity: sha1-iW1Rnf6dsl/OlM63pQCRm/iB6/k=, registry: https://registry.npm.taobao.org/, tarball: https://registry.nlark.com/micromatch/download/micromatch-4.0.4.tgz}
    name: micromatch
    version: 4.0.4
    engines: {node: '>=8.6'}
    dependencies:
      braces: registry.nlark.com/braces/3.0.2
      picomatch: registry.nlark.com/picomatch/2.3.0
    dev: false

  registry.nlark.com/minimist/1.2.5:
    resolution: {integrity: sha1-Z9ZgFLZqaoqqDAg8X9WN9OTpdgI=, registry: https://registry.npm.taobao.org/, tarball: https://registry.nlark.com/minimist/download/minimist-1.2.5.tgz?cache=0&other_urls=https%3A%2F%2Fregistry.nlark.com%2Fminimist%2Fdownload%2Fminimist-1.2.5.tgz}
    name: minimist
    version: 1.2.5
    dev: false

  registry.nlark.com/path-type/4.0.0:
    resolution: {integrity: sha1-hO0BwKe6OAr+CdkKjBgNzZ0DBDs=, registry: https://registry.npm.taobao.org/, tarball: https://registry.nlark.com/path-type/download/path-type-4.0.0.tgz}
    name: path-type
    version: 4.0.0
    engines: {node: '>=8'}
    dev: false

  registry.nlark.com/picomatch/2.3.0:
    resolution: {integrity: sha1-8fBh3o9qS/AiiS4tEoI0+5gwKXI=, registry: https://registry.npm.taobao.org/, tarball: https://registry.nlark.com/picomatch/download/picomatch-2.3.0.tgz}
    name: picomatch
    version: 2.3.0
    engines: {node: '>=8.6'}
    dev: false

  registry.nlark.com/queue-microtask/1.2.3:
    resolution: {integrity: sha1-SSkii7xyTfrEPg77BYyve2z7YkM=, registry: https://registry.npm.taobao.org/, tarball: https://registry.nlark.com/queue-microtask/download/queue-microtask-1.2.3.tgz}
    name: queue-microtask
    version: 1.2.3
    dev: false

  registry.nlark.com/reusify/1.0.4:
    resolution: {integrity: sha1-kNo4Kx4SbvwCFG6QhFqI2xKSXXY=, registry: https://registry.npm.taobao.org/, tarball: https://registry.nlark.com/reusify/download/reusify-1.0.4.tgz}
    name: reusify
    version: 1.0.4
    engines: {iojs: '>=1.0.0', node: '>=0.10.0'}
    dev: false

  registry.nlark.com/run-parallel/1.2.0:
    resolution: {integrity: sha1-ZtE2jae9+SHrnZW9GpIp5/IaQ+4=, registry: https://registry.npm.taobao.org/, tarball: https://registry.nlark.com/run-parallel/download/run-parallel-1.2.0.tgz}
    name: run-parallel
    version: 1.2.0
    dependencies:
      queue-microtask: registry.nlark.com/queue-microtask/1.2.3
    dev: false

  registry.nlark.com/slash/4.0.0:
    resolution: {integrity: sha1-JCI3IXbExsWt214q2oha+YSzlqc=, registry: https://registry.npm.taobao.org/, tarball: https://registry.nlark.com/slash/download/slash-4.0.0.tgz}
    name: slash
    version: 4.0.0
    engines: {node: '>=12'}
    dev: false

  registry.nlark.com/supports-color/7.2.0:
    resolution: {integrity: sha1-G33NyzK4E4gBs+R4umpRyqiWSNo=, registry: https://registry.npm.taobao.org/, tarball: https://registry.nlark.com/supports-color/download/supports-color-7.2.0.tgz}
    name: supports-color
    version: 7.2.0
    engines: {node: '>=8'}
    dependencies:
      has-flag: registry.nlark.com/has-flag/4.0.0
    dev: false

  registry.nlark.com/to-regex-range/5.0.1:
    resolution: {integrity: sha1-FkjESq58jZiKMmAY7XL1tN0DkuQ=, registry: https://registry.npm.taobao.org/, tarball: https://registry.nlark.com/to-regex-range/download/to-regex-range-5.0.1.tgz}
    name: to-regex-range
    version: 5.0.1
    engines: {node: '>=8.0'}
    dependencies:
      is-number: registry.nlark.com/is-number/7.0.0
    dev: false

  registry.nlark.com/universalify/2.0.0:
    resolution: {integrity: sha1-daSYTv7cSwiXXFrrc/Uw0C3yVxc=, registry: https://registry.npm.taobao.org/, tarball: https://registry.nlark.com/universalify/download/universalify-2.0.0.tgz}
    name: universalify
    version: 2.0.0
    engines: {node: '>= 10.0.0'}
    dev: false

  registry.nlark.com/webidl-conversions/3.0.1:
    resolution: {integrity: sha1-JFNCdeKnvGvnvIZhHMFq4KVlSHE=, registry: https://registry.npm.taobao.org/, tarball: https://registry.nlark.com/webidl-conversions/download/webidl-conversions-3.0.1.tgz}
    name: webidl-conversions
    version: 3.0.1
    dev: false

  registry.nlark.com/which/2.0.2:
    resolution: {integrity: sha1-fGqN0KY2oDJ+ELWckobu6T8/UbE=, registry: https://registry.npm.taobao.org/, tarball: https://registry.nlark.com/which/download/which-2.0.2.tgz}
    name: which
    version: 2.0.2
    engines: {node: '>= 8'}
    hasBin: true
    dependencies:
      isexe: registry.nlark.com/isexe/2.0.0
    dev: false

  registry.npmmirror.com/@types/node/16.11.7:
    resolution: {integrity: sha512-QB5D2sqfSjCmTuWcBWyJ+/44bcjO7VbjSbOE0ucoVbAsSNQc4Lt6QkgkVXkTDwkL4z/beecZNDvVX15D4P8Jbw==, registry: https://registry.npm.taobao.org/, tarball: https://registry.npmmirror.com/@types/node/download/@types/node-16.11.7.tgz}
    name: '@types/node'
    version: 16.11.7
    dev: false

  registry.npmmirror.com/glob-parent/5.1.2:
    resolution: {integrity: sha1-hpgyxYA0/mikCTwX3BXoNA2EAcQ=, registry: https://registry.npm.taobao.org/, tarball: https://registry.npmmirror.com/glob-parent/download/glob-parent-5.1.2.tgz}
    name: glob-parent
    version: 5.1.2
    engines: {node: '>= 6'}
    dependencies:
      is-glob: registry.npmmirror.com/is-glob/4.0.3
    dev: false

  registry.npmmirror.com/graceful-fs/4.2.8:
    resolution: {integrity: sha1-5BK40z9eAGWTy9PO5t+fLOu+gCo=, registry: https://registry.npm.taobao.org/, tarball: https://registry.npmmirror.com/graceful-fs/download/graceful-fs-4.2.8.tgz}
    name: graceful-fs
    version: 4.2.8
    dev: false

  registry.npmmirror.com/ignore/5.1.9:
    resolution: {integrity: sha1-nsGly+jhRG7GDUQgBg1Dqm5zgvs=, registry: https://registry.npm.taobao.org/, tarball: https://registry.npmmirror.com/ignore/download/ignore-5.1.9.tgz?cache=0&other_urls=https%3A%2F%2Fregistry.npmmirror.com%2Fignore%2Fdownload%2Fignore-5.1.9.tgz}
    name: ignore
    version: 5.1.9
    engines: {node: '>= 4'}
    dev: false

  registry.npmmirror.com/is-glob/4.0.3:
    resolution: {integrity: sha1-ZPYeQsu7LuwgcanawLKLoeZdUIQ=, registry: https://registry.npm.taobao.org/, tarball: https://registry.npmmirror.com/is-glob/download/is-glob-4.0.3.tgz}
    name: is-glob
    version: 4.0.3
    engines: {node: '>=0.10.0'}
    dependencies:
      is-extglob: registry.nlark.com/is-extglob/2.1.1
    dev: false

  registry.npmmirror.com/mime-db/1.51.0:
    resolution: {integrity: sha512-5y8A56jg7XVQx2mbv1lu49NR4dokRnhZYTtL+KGfaa27uq4pSTXkwQkFJl4pkRMyNFz/EtYDSkiiEHx3F7UN6g==, registry: https://registry.npm.taobao.org/, tarball: https://registry.npmmirror.com/mime-db/download/mime-db-1.51.0.tgz?cache=0&sync_timestamp=1636426398016&other_urls=https%3A%2F%2Fregistry.npmmirror.com%2Fmime-db%2Fdownload%2Fmime-db-1.51.0.tgz}
    name: mime-db
    version: 1.51.0
    engines: {node: '>= 0.6'}
    dev: false

  registry.npmmirror.com/mime-types/2.1.34:
    resolution: {integrity: sha512-6cP692WwGIs9XXdOO4++N+7qjqv0rqxxVvJ3VHPh/Sc9mVZcQP+ZGhkKiTvWMQRr2tbHkJP/Yn7Y0npb3ZBs4A==, registry: https://registry.npm.taobao.org/, tarball: https://registry.npmmirror.com/mime-types/download/mime-types-2.1.34.tgz}
    name: mime-types
    version: 2.1.34
    engines: {node: '>= 0.6'}
    dependencies:
      mime-db: registry.npmmirror.com/mime-db/1.51.0
    dev: false

  registry.npmmirror.com/node-fetch/2.6.6:
    resolution: {integrity: sha1-F1GnwBg06OFpd1hzLp77burfr4k=, registry: https://registry.npm.taobao.org/, tarball: https://registry.npmmirror.com/node-fetch/download/node-fetch-2.6.6.tgz?cache=0&sync_timestamp=1636417729462&other_urls=https%3A%2F%2Fregistry.npmmirror.com%2Fnode-fetch%2Fdownload%2Fnode-fetch-2.6.6.tgz}
    name: node-fetch
    version: 2.6.6
    engines: {node: 4.x || >=6.0.0}
    dependencies:
      whatwg-url: registry.npmmirror.com/whatwg-url/5.0.0
    dev: false

  registry.npmmirror.com/toad-scheduler/1.5.0:
    resolution: {integrity: sha1-p6abHRqNEGeGi452s695Cb80c0Y=, registry: https://registry.npm.taobao.org/, tarball: https://registry.npmmirror.com/toad-scheduler/download/toad-scheduler-1.5.0.tgz}
    name: toad-scheduler
    version: 1.5.0
    dev: false

  registry.npmmirror.com/tr46/0.0.3:
    resolution: {integrity: sha1-gYT9NH2snNwYWZLzpmIuFLnZq2o=, registry: https://registry.npm.taobao.org/, tarball: https://registry.npmmirror.com/tr46/download/tr46-0.0.3.tgz}
    name: tr46
    version: 0.0.3
    dev: false

  registry.npmmirror.com/whatwg-url/5.0.0:
    resolution: {integrity: sha1-lmRU6HZUYuN2RNNib2dCzotwll0=, registry: https://registry.npm.taobao.org/, tarball: https://registry.npmmirror.com/whatwg-url/download/whatwg-url-5.0.0.tgz}
    name: whatwg-url
    version: 5.0.0
    dependencies:
      tr46: registry.npmmirror.com/tr46/0.0.3
      webidl-conversions: registry.nlark.com/webidl-conversions/3.0.1
    dev: false

  registry.npmmirror.com/zx/2.1.0:
    resolution: {integrity: sha1-+/wBVRJww5CXip1IIqsXCtqGxP8=, registry: https://registry.npm.taobao.org/, tarball: https://registry.npmmirror.com/zx/download/zx-2.1.0.tgz}
    name: zx
    version: 2.1.0
    engines: {node: '>= 14.8.0'}
    hasBin: true
    dependencies:
      '@types/fs-extra': registry.nlark.com/@types/fs-extra/9.0.13
      '@types/minimist': registry.nlark.com/@types/minimist/1.2.2
      '@types/node': registry.npmmirror.com/@types/node/16.11.7
      '@types/node-fetch': registry.nlark.com/@types/node-fetch/2.5.12
      chalk: registry.nlark.com/chalk/4.1.2
      fs-extra: registry.nlark.com/fs-extra/10.0.0
      globby: registry.nlark.com/globby/12.0.2
      minimist: registry.nlark.com/minimist/1.2.5
      node-fetch: registry.npmmirror.com/node-fetch/2.6.6
      which: registry.nlark.com/which/2.0.2
    dev: false
