# THIS IS AN AUTOGENERATED FILE. DO NOT EDIT THIS FILE DIRECTLY.
# yarn lockfile v1


"@kwsites/file-exists@^1.1.1":
  "integrity" "sha512-m9/5YGR18lIwxSFDwfE3oA7bWuq9kdau6ugN4H2rJeyhFQZcG9AgSHkQtSD15a8WvTgfz9aikZMrKPHvbpqFiw=="
  "resolved" "https://registry.npmmirror.com/@kwsites/file-exists/-/file-exists-1.1.1.tgz"
  "version" "1.1.1"
  dependencies:
    "debug" "^4.1.1"

"@kwsites/promise-deferred@^1.1.1":
  "integrity" "sha512-GaHYm+c0O9MjZRu0ongGBRbinu8gVAMd2UZjji6jVmqKtZluZnptXGWhz1E8j8D2HJ3f/yMxKAUC0b+57wncIw=="
  "resolved" "https://registry.npmmirror.com/@kwsites/promise-deferred/-/promise-deferred-1.1.1.tgz"
  "version" "1.1.1"

"dayjs@^1.7.5":
  "integrity" "sha512-Qlkiu0NNDpYwhk0syK4ImvAl/5YnsEMkvC2O123INviGeOA3Q8s5VyVkZzmN5SC7Wv9bb1+rfwO+uSqtHB4UWw=="
  "resolved" "https://registry.npmjs.org/dayjs/-/dayjs-1.7.7.tgz"
  "version" "1.7.7"

"debug@^4.1.1", "debug@^4.3.4":
  "integrity" "sha512-PRWFHuSU3eDtQJPvnNY7Jcket1j0t5OuOsFzPPzsekD52Zl8qUfFIPEiswXqIvHWGVHOgX+7G/vCNNhehwxfkQ=="
  "resolved" "https://registry.npmmirror.com/debug/-/debug-4.3.4.tgz"
  "version" "4.3.4"
  dependencies:
    "ms" "2.1.2"

"fs-extra@^7.0.0":
  "integrity" "sha512-YJDaCJZEnBmcbw13fvdAM9AwNOJwOzrE4pqMqBq5nFiEqXUqHwlK4B+3pUw6JNvfSPtX05xFHtYy/1ni01eGCw=="
  "resolved" "https://registry.npmjs.org/fs-extra/-/fs-extra-7.0.1.tgz"
  "version" "7.0.1"
  dependencies:
    "graceful-fs" "^4.1.2"
    "jsonfile" "^4.0.0"
    "universalify" "^0.1.0"

"graceful-fs@^4.1.2", "graceful-fs@^4.1.6":
  "integrity" "sha512-6uHUhOPEBgQ24HM+r6b/QwWfZq+yiFcipKFrOFiBEnWdy5sdzYoi+pJeQaPI5qOLRFqWmAXUPQNsielzdLoecA=="
  "resolved" "https://registry.npmjs.org/graceful-fs/-/graceful-fs-4.1.15.tgz"
  "version" "4.1.15"

"jsonfile@^4.0.0":
  "integrity" "sha1-h3Gq4HmbZAdrdmQPygWPnBDjPss="
  "resolved" "https://registry.npmjs.org/jsonfile/-/jsonfile-4.0.0.tgz"
  "version" "4.0.0"
  optionalDependencies:
    "graceful-fs" "^4.1.6"

"ms@2.1.2":
  "integrity" "sha512-sGkPx+VjMtmA6MX27oA4FBFELFCZZ4S4XqeGOXCv68tT+jb3vk/RyaKWP0PTKyWtmLSM0b+adUTEvbs1PEaH2w=="
  "resolved" "https://registry.npmmirror.com/ms/-/ms-2.1.2.tgz"
  "version" "2.1.2"

"simple-git@^3.10.0":
  "integrity" "sha512-2w35xrS5rVtAW0g67LqtxCZN5cdddz/woQRfS0OJXaljXEoTychZ4jnE+CQgra/wX4ZvHeiChTUMenCwfIYEYw=="
  "resolved" "https://registry.npmmirror.com/simple-git/-/simple-git-3.10.0.tgz"
  "version" "3.10.0"
  dependencies:
    "@kwsites/file-exists" "^1.1.1"
    "@kwsites/promise-deferred" "^1.1.1"
    "debug" "^4.3.4"

"universalify@^0.1.0":
  "integrity" "sha512-rBJeI5CXAlmy1pV+617WB9J63U6XcazHHF2f2dbJix4XzpUF0RS3Zbj0FGIOCAva5P/d/GBOYaACQ1w+0azUkg=="
  "resolved" "https://registry.npmjs.org/universalify/-/universalify-0.1.2.tgz"
  "version" "0.1.2"
